
Microsoft Visual Studio Solution File, Format Version 12.00
# Visual Studio Version 17
VisualStudioVersion = 17.0.31912.275
MinimumVisualStudioVersion = 10.0.40219.1
Project("{2150E333-8FDC-42A3-9474-1A3956D46DE8}") = "PizzaItaliano.Services.Products", "PizzaItaliano.Services.Products", "{D7A6781F-3CD1-4E79-B7D4-784E89701A02}"
EndProject
Project("{2150E333-8FDC-42A3-9474-1A3956D46DE8}") = "src", "src", "{E60D77BA-988C-43FC-919E-AEBFEB1E2A8A}"
EndProject
Project("{2150E333-8FDC-42A3-9474-1A3956D46DE8}") = "tests", "tests", "{32895C85-6CC6-461C-88B9-4291CDE6021D}"
EndProject
Project("{9A19103F-16F7-4668-BE54-9A1E7A4F7556}") = "PizzaItaliano.Services.Products.API", "..\PizzaItaliano.Services.Products\src\PizzaItaliano.Services.Products.API\PizzaItaliano.Services.Products.API.csproj", "{572D79C0-0D54-4D94-BA9D-DEAF3006C8ED}"
EndProject
Project("{9A19103F-16F7-4668-BE54-9A1E7A4F7556}") = "PizzaItaliano.Services.Products.Application", "..\PizzaItaliano.Services.Products\src\PizzaItaliano.Services.Products.Application\PizzaItaliano.Services.Products.Application.csproj", "{CC736663-7F56-409E-BA1E-BC3D1BEA2B05}"
EndProject
Project("{9A19103F-16F7-4668-BE54-9A1E7A4F7556}") = "PizzaItaliano.Services.Products.Infrastructure", "..\PizzaItaliano.Services.Products\src\PizzaItaliano.Services.Products.Infrastructure\PizzaItaliano.Services.Products.Infrastructure.csproj", "{05AC7A30-857E-46A8-A321-4DCC17EA2AEA}"
EndProject
Project("{9A19103F-16F7-4668-BE54-9A1E7A4F7556}") = "PizzaItaliano.Services.Products.Core", "..\PizzaItaliano.Services.Products\src\PizzaItaliano.Services.Products.Core\PizzaItaliano.Services.Products.Core.csproj", "{52305EB0-8B6D-4B1E-B53E-A74B7F7461AA}"
EndProject
Project("{9A19103F-16F7-4668-BE54-9A1E7A4F7556}") = "PizzaItaliano.Services.Products.Tests.Unit", "..\PizzaItaliano.Services.Products\tests\PizzaItaliano.Services.Products.Tests.Unit\PizzaItaliano.Services.Products.Tests.Unit.csproj", "{4030B149-F000-45D0-9064-F607C2599820}"
EndProject
Project("{2150E333-8FDC-42A3-9474-1A3956D46DE8}") = "PizzaItaliano.Services.Orders", "PizzaItaliano.Services.Orders", "{0B0AC078-CCD1-4DBB-BC4E-69DD8DD664FB}"
EndProject
Project("{2150E333-8FDC-42A3-9474-1A3956D46DE8}") = "src", "src", "{2C1778BD-D6A9-402B-80A2-7F213F2F32D6}"
EndProject
Project("{2150E333-8FDC-42A3-9474-1A3956D46DE8}") = "tests", "tests", "{AF59D75C-51D9-4CE7-8569-87A0F74CC386}"
EndProject
Project("{9A19103F-16F7-4668-BE54-9A1E7A4F7556}") = "PizzaItaliano.Services.Orders.API", "..\PizzaItaliano.Services.Orders\src\PizzaItaliano.Services.Orders.API\PizzaItaliano.Services.Orders.API.csproj", "{CFA73840-E211-4939-8478-8B157D7D9919}"
EndProject
Project("{9A19103F-16F7-4668-BE54-9A1E7A4F7556}") = "PizzaItaliano.Services.Orders.Application", "..\PizzaItaliano.Services.Orders\src\PizzaItaliano.Services.Orders.Application\PizzaItaliano.Services.Orders.Application.csproj", "{AEC216C0-2F88-4745-9949-CE388F0D6CE1}"
EndProject
Project("{9A19103F-16F7-4668-BE54-9A1E7A4F7556}") = "PizzaItaliano.Services.Orders.Infrastructure", "..\PizzaItaliano.Services.Orders\src\PizzaItaliano.Services.Orders.Infrastructure\PizzaItaliano.Services.Orders.Infrastructure.csproj", "{3AE550BD-01C9-4293-A977-216A31122AAE}"
EndProject
Project("{9A19103F-16F7-4668-BE54-9A1E7A4F7556}") = "PizzaItaliano.Services.Orders.Core", "..\PizzaItaliano.Services.Orders\src\PizzaItaliano.Services.Orders.Core\PizzaItaliano.Services.Orders.Core.csproj", "{AE949A21-B616-49C5-A90E-FA23AD6A15C1}"
EndProject
Project("{9A19103F-16F7-4668-BE54-9A1E7A4F7556}") = "PizzaItaliano.Services.Orders.Tests.Unit", "..\PizzaItaliano.Services.Orders\tests\PizzaItaliano.Services.Orders.Tests.Unit\PizzaItaliano.Services.Orders.Tests.Unit.csproj", "{8C220333-D071-4315-8A9C-782F75BF6511}"
EndProject
Project("{2150E333-8FDC-42A3-9474-1A3956D46DE8}") = "PizzaItaliano.Services.Releases", "PizzaItaliano.Services.Releases", "{C21DC15B-C9BA-425D-9A2C-9B31E38EE32E}"
EndProject
Project("{2150E333-8FDC-42A3-9474-1A3956D46DE8}") = "PizzaItaliano.Services.Payments", "PizzaItaliano.Services.Payments", "{235DA821-3DB9-487E-8BA7-42B904562342}"
EndProject
Project("{2150E333-8FDC-42A3-9474-1A3956D46DE8}") = "src", "src", "{DED18E80-3FB9-49D6-8E05-8E5502976FD1}"
EndProject
Project("{2150E333-8FDC-42A3-9474-1A3956D46DE8}") = "tests", "tests", "{DBA81E07-303B-4E37-9ECD-DBCCFE8C232B}"
EndProject
Project("{2150E333-8FDC-42A3-9474-1A3956D46DE8}") = "src", "src", "{6A112511-530D-4ACE-A405-2B4522051395}"
EndProject
Project("{2150E333-8FDC-42A3-9474-1A3956D46DE8}") = "tests", "tests", "{4A31F19F-71E5-4CAD-84C3-DD8E8C943143}"
EndProject
Project("{9A19103F-16F7-4668-BE54-9A1E7A4F7556}") = "PizzaItaliano.Services.Payments.API", "..\PizzaItaliano.Services.Payments\src\PizzaItaliano.Services.Payments.API\PizzaItaliano.Services.Payments.API.csproj", "{15FA29F8-C23E-4BE2-99AE-B20E0F526DCF}"
EndProject
Project("{9A19103F-16F7-4668-BE54-9A1E7A4F7556}") = "PizzaItaliano.Services.Payments.Application", "..\PizzaItaliano.Services.Payments\src\PizzaItaliano.Services.Payments.Application\PizzaItaliano.Services.Payments.Application.csproj", "{D22CE9AF-FD43-49C7-9AC4-E16256AF277D}"
EndProject
Project("{9A19103F-16F7-4668-BE54-9A1E7A4F7556}") = "PizzaItaliano.Services.Payments.Infrastructure", "..\PizzaItaliano.Services.Payments\src\PizzaItaliano.Services.Payments.Infrastructure\PizzaItaliano.Services.Payments.Infrastructure.csproj", "{9DBABC08-2062-4CE8-B3DA-D7193EA12B87}"
EndProject
Project("{9A19103F-16F7-4668-BE54-9A1E7A4F7556}") = "PizzaItaliano.Services.Payments.Core", "..\PizzaItaliano.Services.Payments\src\PizzaItaliano.Services.Payments.Core\PizzaItaliano.Services.Payments.Core.csproj", "{1D166302-2026-4195-B005-BF8CA4D28835}"
EndProject
Project("{9A19103F-16F7-4668-BE54-9A1E7A4F7556}") = "PizzaItaliano.Services.Payments.Tests.Unit", "..\PizzaItaliano.Services.Payments\tests\PizzaItaliano.Services.Payments.Tests.Unit\PizzaItaliano.Services.Payments.Tests.Unit.csproj", "{B8181BB8-D4DC-44AE-ACFF-27353D3D7787}"
EndProject
Project("{9A19103F-16F7-4668-BE54-9A1E7A4F7556}") = "PizzaItaliano.Services.Releases.API", "..\PizzaItaliano.Services.Releases\src\PizzaItaliano.Services.Releases.API\PizzaItaliano.Services.Releases.API.csproj", "{CC05D9CE-7760-4563-A7F9-6619076CA400}"
EndProject
Project("{9A19103F-16F7-4668-BE54-9A1E7A4F7556}") = "PizzaItaliano.Services.Releases.Application", "..\PizzaItaliano.Services.Releases\src\PizzaItaliano.Services.Releases.Application\PizzaItaliano.Services.Releases.Application.csproj", "{2A5E7293-3E2E-4123-A12A-02D2A93BE3A7}"
EndProject
Project("{9A19103F-16F7-4668-BE54-9A1E7A4F7556}") = "PizzaItaliano.Services.Releases.Infrastructure", "..\PizzaItaliano.Services.Releases\src\PizzaItaliano.Services.Releases.Infrastructure\PizzaItaliano.Services.Releases.Infrastructure.csproj", "{E9B9B2CF-E42C-4E28-90A3-956C06CCE6D7}"
EndProject
Project("{9A19103F-16F7-4668-BE54-9A1E7A4F7556}") = "PizzaItaliano.Services.Releases.Core", "..\PizzaItaliano.Services.Releases\src\PizzaItaliano.Services.Releases.Core\PizzaItaliano.Services.Releases.Core.csproj", "{2D9BF5ED-D4B1-4662-9163-845754A908FD}"
EndProject
Project("{9A19103F-16F7-4668-BE54-9A1E7A4F7556}") = "PizzaItaliano.Services.Releases.Tests.Unit", "..\PizzaItaliano.Services.Releases\tests\PizzaItaliano.Services.Releases.Tests.Unit\PizzaItaliano.Services.Releases.Tests.Unit.csproj", "{7D664027-EF3F-4FC3-96B8-48CB55EC41E6}"
EndProject
Project("{2150E333-8FDC-42A3-9474-1A3956D46DE8}") = "PizzaItaliano.APIGateway", "PizzaItaliano.APIGateway", "{4356924E-3F25-4025-8AED-AB351D1DC032}"
EndProject
Project("{2150E333-8FDC-42A3-9474-1A3956D46DE8}") = "src", "src", "{E210DDBA-A3DC-4AE6-B375-011F57807114}"
EndProject
Project("{9A19103F-16F7-4668-BE54-9A1E7A4F7556}") = "PizzaItaliano.APIGateway", "..\PizzaItaliano.APIGateway\src\PizzaItaliano.APIGateway\PizzaItaliano.APIGateway.csproj", "{511C0428-959C-4148-B28D-AF65E6D3C052}"
EndProject
Project("{2150E333-8FDC-42A3-9474-1A3956D46DE8}") = "PizzaItaliano.Services.Operations", "PizzaItaliano.Services.Operations", "{1CB6BC03-C3C4-41F7-9A89-F7DAD4121C33}"
EndProject
Project("{2150E333-8FDC-42A3-9474-1A3956D46DE8}") = "src", "src", "{01F74FE7-150A-41C9-B8F3-B9D5914121CF}"
EndProject
Project("{9A19103F-16F7-4668-BE54-9A1E7A4F7556}") = "PizzaItaliano.Services.Operations", "..\PizzaItaliano.Services.Operations\src\PizzaItaliano.Services.Operations\PizzaItaliano.Services.Operations.csproj", "{D63804CB-56C4-42DE-8E74-6D8C70A604A3}"
EndProject
Project("{9A19103F-16F7-4668-BE54-9A1E7A4F7556}") = "PizzaItaliano.Services.Operations.GrpcClient", "..\PizzaItaliano.Services.Operations\src\PizzaItaliano.Services.Operations.GrpcClient\PizzaItaliano.Services.Operations.GrpcClient.csproj", "{C4081B8E-0A48-4602-8073-29D5FD8790B5}"
EndProject
Project("{9A19103F-16F7-4668-BE54-9A1E7A4F7556}") = "PizzaItaliano.Services.Products.Tests.Shared", "..\PizzaItaliano.Services.Products\tests\PizzaItaliano.Services.Products.Tests.Shared\PizzaItaliano.Services.Products.Tests.Shared.csproj", "{BA32D395-50FA-48F0-B4F9-B82F83BD042E}"
EndProject
Project("{9A19103F-16F7-4668-BE54-9A1E7A4F7556}") = "PizzaItaliano.Services.Products.Tests.Intgration", "..\PizzaItaliano.Services.Products\tests\PizzaItaliano.Services.Products.Tests.Intgration\PizzaItaliano.Services.Products.Tests.Intgration.csproj", "{C4BF803B-E058-4A10-A7F1-E2601EEAC332}"
EndProject
Project("{9A19103F-16F7-4668-BE54-9A1E7A4F7556}") = "PizzaItaliano.Services.Orders.Tests.Integration", "..\PizzaItaliano.Services.Orders\tests\PizzaItaliano.Services.Orders.Tests.Integration\PizzaItaliano.Services.Orders.Tests.Integration.csproj", "{957139D8-E5A5-4904-9D03-B895713D41BE}"
EndProject
Project("{9A19103F-16F7-4668-BE54-9A1E7A4F7556}") = "PizzaItaliano.Services.Orders.Tests.Shared", "..\PizzaItaliano.Services.Orders\tests\PizzaItaliano.Services.Orders.Tests.Shared\PizzaItaliano.Services.Orders.Tests.Shared.csproj", "{A339CF55-A2FB-4B55-83D5-435727DB040A}"
EndProject
Project("{9A19103F-16F7-4668-BE54-9A1E7A4F7556}") = "PizzaItaliano.Services.Payments.Tests.Shared", "..\PizzaItaliano.Services.Payments\tests\PizzaItaliano.Services.Payments.Tests.Shared\PizzaItaliano.Services.Payments.Tests.Shared.csproj", "{686C097E-394E-40B0-896D-A0F20F7DFFCC}"
EndProject
Project("{9A19103F-16F7-4668-BE54-9A1E7A4F7556}") = "PizzaItaliano.Services.Payments.Tests.Intgration", "..\PizzaItaliano.Services.Payments\tests\PizzaItaliano.Services.Payments.Tests.Intgration\PizzaItaliano.Services.Payments.Tests.Intgration.csproj", "{2BB94D85-685A-441E-9DBF-BAC39B4CCA6E}"
EndProject
Project("{9A19103F-16F7-4668-BE54-9A1E7A4F7556}") = "PizzaItaliano.Services.Releases.Tests.Intgration", "..\PizzaItaliano.Services.Releases\tests\PizzaItaliano.Services.Releases.Tests.Intgration\PizzaItaliano.Services.Releases.Tests.Intgration.csproj", "{11256711-FE09-4E71-9FA8-4446E7B81387}"
EndProject
Project("{9A19103F-16F7-4668-BE54-9A1E7A4F7556}") = "PizzaItaliano.Services.Releases.Tests.Shared", "..\PizzaItaliano.Services.Releases\tests\PizzaItaliano.Services.Releases.Tests.Shared\PizzaItaliano.Services.Releases.Tests.Shared.csproj", "{84134775-54CE-4AD7-A1FA-73A3180C0DC8}"
EndProject
Project("{9A19103F-16F7-4668-BE54-9A1E7A4F7556}") = "PizzaItaliano.Services.Orders.Tests.EndToEnd", "..\PizzaItaliano.Services.Orders\tests\PizzaItaliano.Services.Orders.Tests.EndToEnd\PizzaItaliano.Services.Orders.Tests.EndToEnd.csproj", "{E00E2960-AAE9-437D-9A0C-6EE156934267}"
EndProject
Project("{9A19103F-16F7-4668-BE54-9A1E7A4F7556}") = "PizzaItaliano.Services.Payments.Tests.EndToEnd", "..\PizzaItaliano.Services.Payments\tests\PizzaItaliano.Services.Payments.Tests.EndToEnd\PizzaItaliano.Services.Payments.Tests.EndToEnd.csproj", "{7DF72931-246D-4B46-B94A-EB46CE119685}"
EndProject
Project("{9A19103F-16F7-4668-BE54-9A1E7A4F7556}") = "PizzaItaliano.Services.Products.Tests.EndToEnd", "..\PizzaItaliano.Services.Products\tests\PizzaItaliano.Services.Products.Tests.EndToEnd\PizzaItaliano.Services.Products.Tests.EndToEnd.csproj", "{452B3774-D4D0-48C7-909C-0487A9309E5D}"
EndProject
Project("{9A19103F-16F7-4668-BE54-9A1E7A4F7556}") = "PizzaItaliano.Services.Releases.Tests.EndToEnd", "..\PizzaItaliano.Services.Releases\tests\PizzaItaliano.Services.Releases.Tests.EndToEnd\PizzaItaliano.Services.Releases.Tests.EndToEnd.csproj", "{7258E872-E636-49F5-B5FD-79E26246C148}"
EndProject
Project("{2150E333-8FDC-42A3-9474-1A3956D46DE8}") = "PizzaItaliano.Services.Identity", "PizzaItaliano.Services.Identity", "{D95C47B2-B56C-497A-B0C1-EEF96E3391FE}"
EndProject
Project("{2150E333-8FDC-42A3-9474-1A3956D46DE8}") = "src", "src", "{5C4890A5-BB86-44D1-BCF9-792B906F7DEF}"
EndProject
Project("{2150E333-8FDC-42A3-9474-1A3956D46DE8}") = "tests", "tests", "{C4481DDB-9081-40BA-887F-1988367E88A5}"
EndProject
Project("{9A19103F-16F7-4668-BE54-9A1E7A4F7556}") = "PizzaItaliano.Services.Identity.Api", "..\PizzaItaliano.Services.Identity\src\PizzaItaliano.Services.Identity.Api\PizzaItaliano.Services.Identity.Api.csproj", "{216E884A-D6CF-44A6-BF02-4FF70DCBCCD0}"
EndProject
Project("{9A19103F-16F7-4668-BE54-9A1E7A4F7556}") = "PizzaItaliano.Services.Identity.Application", "..\PizzaItaliano.Services.Identity\src\PizzaItaliano.Services.Identity.Application\PizzaItaliano.Services.Identity.Application.csproj", "{3100E515-DC65-4309-9BCD-E8761BC35057}"
EndProject
Project("{9A19103F-16F7-4668-BE54-9A1E7A4F7556}") = "PizzaItaliano.Services.Identity.Core", "..\PizzaItaliano.Services.Identity\src\PizzaItaliano.Services.Identity.Core\PizzaItaliano.Services.Identity.Core.csproj", "{31180E9D-3F25-4E90-BBB0-26B3AD22AA95}"
EndProject
Project("{9A19103F-16F7-4668-BE54-9A1E7A4F7556}") = "PizzaItaliano.Services.Identity.Infrastructure", "..\PizzaItaliano.Services.Identity\src\PizzaItaliano.Services.Identity.Infrastructure\PizzaItaliano.Services.Identity.Infrastructure.csproj", "{CD6CCA7A-FE8B-491C-96BE-0A62C822976F}"
EndProject
Project("{FAE04EC0-301F-11D3-BF4B-00C04F79EFBC}") = "PizzaItaliano.Services.Identity.Tests.Unit", "..\PizzaItaliano.Services.Identity\tests\PizzaItaliano.Services.Identity.Tests.Unit\PizzaItaliano.Services.Identity.Tests.Unit.csproj", "{472ADED8-5BF0-4269-AEB8-53C6452EEF58}"
EndProject
Global
	GlobalSection(SolutionConfigurationPlatforms) = preSolution
		Debug|Any CPU = Debug|Any CPU
		Release|Any CPU = Release|Any CPU
	EndGlobalSection
	GlobalSection(ProjectConfigurationPlatforms) = postSolution
		{572D79C0-0D54-4D94-BA9D-DEAF3006C8ED}.Debug|Any CPU.ActiveCfg = Debug|Any CPU
		{572D79C0-0D54-4D94-BA9D-DEAF3006C8ED}.Debug|Any CPU.Build.0 = Debug|Any CPU
		{572D79C0-0D54-4D94-BA9D-DEAF3006C8ED}.Release|Any CPU.ActiveCfg = Release|Any CPU
		{572D79C0-0D54-4D94-BA9D-DEAF3006C8ED}.Release|Any CPU.Build.0 = Release|Any CPU
		{CC736663-7F56-409E-BA1E-BC3D1BEA2B05}.Debug|Any CPU.ActiveCfg = Debug|Any CPU
		{CC736663-7F56-409E-BA1E-BC3D1BEA2B05}.Debug|Any CPU.Build.0 = Debug|Any CPU
		{CC736663-7F56-409E-BA1E-BC3D1BEA2B05}.Release|Any CPU.ActiveCfg = Release|Any CPU
		{CC736663-7F56-409E-BA1E-BC3D1BEA2B05}.Release|Any CPU.Build.0 = Release|Any CPU
		{05AC7A30-857E-46A8-A321-4DCC17EA2AEA}.Debug|Any CPU.ActiveCfg = Debug|Any CPU
		{05AC7A30-857E-46A8-A321-4DCC17EA2AEA}.Debug|Any CPU.Build.0 = Debug|Any CPU
		{05AC7A30-857E-46A8-A321-4DCC17EA2AEA}.Release|Any CPU.ActiveCfg = Release|Any CPU
		{05AC7A30-857E-46A8-A321-4DCC17EA2AEA}.Release|Any CPU.Build.0 = Release|Any CPU
		{52305EB0-8B6D-4B1E-B53E-A74B7F7461AA}.Debug|Any CPU.ActiveCfg = Debug|Any CPU
		{52305EB0-8B6D-4B1E-B53E-A74B7F7461AA}.Debug|Any CPU.Build.0 = Debug|Any CPU
		{52305EB0-8B6D-4B1E-B53E-A74B7F7461AA}.Release|Any CPU.ActiveCfg = Release|Any CPU
		{52305EB0-8B6D-4B1E-B53E-A74B7F7461AA}.Release|Any CPU.Build.0 = Release|Any CPU
		{4030B149-F000-45D0-9064-F607C2599820}.Debug|Any CPU.ActiveCfg = Debug|Any CPU
		{4030B149-F000-45D0-9064-F607C2599820}.Debug|Any CPU.Build.0 = Debug|Any CPU
		{4030B149-F000-45D0-9064-F607C2599820}.Release|Any CPU.ActiveCfg = Release|Any CPU
		{4030B149-F000-45D0-9064-F607C2599820}.Release|Any CPU.Build.0 = Release|Any CPU
		{CFA73840-E211-4939-8478-8B157D7D9919}.Debug|Any CPU.ActiveCfg = Debug|Any CPU
		{CFA73840-E211-4939-8478-8B157D7D9919}.Debug|Any CPU.Build.0 = Debug|Any CPU
		{CFA73840-E211-4939-8478-8B157D7D9919}.Release|Any CPU.ActiveCfg = Release|Any CPU
		{CFA73840-E211-4939-8478-8B157D7D9919}.Release|Any CPU.Build.0 = Release|Any CPU
		{AEC216C0-2F88-4745-9949-CE388F0D6CE1}.Debug|Any CPU.ActiveCfg = Debug|Any CPU
		{AEC216C0-2F88-4745-9949-CE388F0D6CE1}.Debug|Any CPU.Build.0 = Debug|Any CPU
		{AEC216C0-2F88-4745-9949-CE388F0D6CE1}.Release|Any CPU.ActiveCfg = Release|Any CPU
		{AEC216C0-2F88-4745-9949-CE388F0D6CE1}.Release|Any CPU.Build.0 = Release|Any CPU
		{3AE550BD-01C9-4293-A977-216A31122AAE}.Debug|Any CPU.ActiveCfg = Debug|Any CPU
		{3AE550BD-01C9-4293-A977-216A31122AAE}.Debug|Any CPU.Build.0 = Debug|Any CPU
		{3AE550BD-01C9-4293-A977-216A31122AAE}.Release|Any CPU.ActiveCfg = Release|Any CPU
		{3AE550BD-01C9-4293-A977-216A31122AAE}.Release|Any CPU.Build.0 = Release|Any CPU
		{AE949A21-B616-49C5-A90E-FA23AD6A15C1}.Debug|Any CPU.ActiveCfg = Debug|Any CPU
		{AE949A21-B616-49C5-A90E-FA23AD6A15C1}.Debug|Any CPU.Build.0 = Debug|Any CPU
		{AE949A21-B616-49C5-A90E-FA23AD6A15C1}.Release|Any CPU.ActiveCfg = Release|Any CPU
		{AE949A21-B616-49C5-A90E-FA23AD6A15C1}.Release|Any CPU.Build.0 = Release|Any CPU
		{8C220333-D071-4315-8A9C-782F75BF6511}.Debug|Any CPU.ActiveCfg = Debug|Any CPU
		{8C220333-D071-4315-8A9C-782F75BF6511}.Debug|Any CPU.Build.0 = Debug|Any CPU
		{8C220333-D071-4315-8A9C-782F75BF6511}.Release|Any CPU.ActiveCfg = Release|Any CPU
		{8C220333-D071-4315-8A9C-782F75BF6511}.Release|Any CPU.Build.0 = Release|Any CPU
		{15FA29F8-C23E-4BE2-99AE-B20E0F526DCF}.Debug|Any CPU.ActiveCfg = Debug|Any CPU
		{15FA29F8-C23E-4BE2-99AE-B20E0F526DCF}.Debug|Any CPU.Build.0 = Debug|Any CPU
		{15FA29F8-C23E-4BE2-99AE-B20E0F526DCF}.Release|Any CPU.ActiveCfg = Release|Any CPU
		{15FA29F8-C23E-4BE2-99AE-B20E0F526DCF}.Release|Any CPU.Build.0 = Release|Any CPU
		{D22CE9AF-FD43-49C7-9AC4-E16256AF277D}.Debug|Any CPU.ActiveCfg = Debug|Any CPU
		{D22CE9AF-FD43-49C7-9AC4-E16256AF277D}.Debug|Any CPU.Build.0 = Debug|Any CPU
		{D22CE9AF-FD43-49C7-9AC4-E16256AF277D}.Release|Any CPU.ActiveCfg = Release|Any CPU
		{D22CE9AF-FD43-49C7-9AC4-E16256AF277D}.Release|Any CPU.Build.0 = Release|Any CPU
		{9DBABC08-2062-4CE8-B3DA-D7193EA12B87}.Debug|Any CPU.ActiveCfg = Debug|Any CPU
		{9DBABC08-2062-4CE8-B3DA-D7193EA12B87}.Debug|Any CPU.Build.0 = Debug|Any CPU
		{9DBABC08-2062-4CE8-B3DA-D7193EA12B87}.Release|Any CPU.ActiveCfg = Release|Any CPU
		{9DBABC08-2062-4CE8-B3DA-D7193EA12B87}.Release|Any CPU.Build.0 = Release|Any CPU
		{1D166302-2026-4195-B005-BF8CA4D28835}.Debug|Any CPU.ActiveCfg = Debug|Any CPU
		{1D166302-2026-4195-B005-BF8CA4D28835}.Debug|Any CPU.Build.0 = Debug|Any CPU
		{1D166302-2026-4195-B005-BF8CA4D28835}.Release|Any CPU.ActiveCfg = Release|Any CPU
		{1D166302-2026-4195-B005-BF8CA4D28835}.Release|Any CPU.Build.0 = Release|Any CPU
		{B8181BB8-D4DC-44AE-ACFF-27353D3D7787}.Debug|Any CPU.ActiveCfg = Debug|Any CPU
		{B8181BB8-D4DC-44AE-ACFF-27353D3D7787}.Debug|Any CPU.Build.0 = Debug|Any CPU
		{B8181BB8-D4DC-44AE-ACFF-27353D3D7787}.Release|Any CPU.ActiveCfg = Release|Any CPU
		{B8181BB8-D4DC-44AE-ACFF-27353D3D7787}.Release|Any CPU.Build.0 = Release|Any CPU
		{CC05D9CE-7760-4563-A7F9-6619076CA400}.Debug|Any CPU.ActiveCfg = Debug|Any CPU
		{CC05D9CE-7760-4563-A7F9-6619076CA400}.Debug|Any CPU.Build.0 = Debug|Any CPU
		{CC05D9CE-7760-4563-A7F9-6619076CA400}.Release|Any CPU.ActiveCfg = Release|Any CPU
		{CC05D9CE-7760-4563-A7F9-6619076CA400}.Release|Any CPU.Build.0 = Release|Any CPU
		{2A5E7293-3E2E-4123-A12A-02D2A93BE3A7}.Debug|Any CPU.ActiveCfg = Debug|Any CPU
		{2A5E7293-3E2E-4123-A12A-02D2A93BE3A7}.Debug|Any CPU.Build.0 = Debug|Any CPU
		{2A5E7293-3E2E-4123-A12A-02D2A93BE3A7}.Release|Any CPU.ActiveCfg = Release|Any CPU
		{2A5E7293-3E2E-4123-A12A-02D2A93BE3A7}.Release|Any CPU.Build.0 = Release|Any CPU
		{E9B9B2CF-E42C-4E28-90A3-956C06CCE6D7}.Debug|Any CPU.ActiveCfg = Debug|Any CPU
		{E9B9B2CF-E42C-4E28-90A3-956C06CCE6D7}.Debug|Any CPU.Build.0 = Debug|Any CPU
		{E9B9B2CF-E42C-4E28-90A3-956C06CCE6D7}.Release|Any CPU.ActiveCfg = Release|Any CPU
		{E9B9B2CF-E42C-4E28-90A3-956C06CCE6D7}.Release|Any CPU.Build.0 = Release|Any CPU
		{2D9BF5ED-D4B1-4662-9163-845754A908FD}.Debug|Any CPU.ActiveCfg = Debug|Any CPU
		{2D9BF5ED-D4B1-4662-9163-845754A908FD}.Debug|Any CPU.Build.0 = Debug|Any CPU
		{2D9BF5ED-D4B1-4662-9163-845754A908FD}.Release|Any CPU.ActiveCfg = Release|Any CPU
		{2D9BF5ED-D4B1-4662-9163-845754A908FD}.Release|Any CPU.Build.0 = Release|Any CPU
		{7D664027-EF3F-4FC3-96B8-48CB55EC41E6}.Debug|Any CPU.ActiveCfg = Debug|Any CPU
		{7D664027-EF3F-4FC3-96B8-48CB55EC41E6}.Debug|Any CPU.Build.0 = Debug|Any CPU
		{7D664027-EF3F-4FC3-96B8-48CB55EC41E6}.Release|Any CPU.ActiveCfg = Release|Any CPU
		{7D664027-EF3F-4FC3-96B8-48CB55EC41E6}.Release|Any CPU.Build.0 = Release|Any CPU
		{511C0428-959C-4148-B28D-AF65E6D3C052}.Debug|Any CPU.ActiveCfg = Debug|Any CPU
		{511C0428-959C-4148-B28D-AF65E6D3C052}.Debug|Any CPU.Build.0 = Debug|Any CPU
		{511C0428-959C-4148-B28D-AF65E6D3C052}.Release|Any CPU.ActiveCfg = Release|Any CPU
		{511C0428-959C-4148-B28D-AF65E6D3C052}.Release|Any CPU.Build.0 = Release|Any CPU
		{D63804CB-56C4-42DE-8E74-6D8C70A604A3}.Debug|Any CPU.ActiveCfg = Debug|Any CPU
		{D63804CB-56C4-42DE-8E74-6D8C70A604A3}.Debug|Any CPU.Build.0 = Debug|Any CPU
		{D63804CB-56C4-42DE-8E74-6D8C70A604A3}.Release|Any CPU.ActiveCfg = Release|Any CPU
		{D63804CB-56C4-42DE-8E74-6D8C70A604A3}.Release|Any CPU.Build.0 = Release|Any CPU
		{C4081B8E-0A48-4602-8073-29D5FD8790B5}.Debug|Any CPU.ActiveCfg = Debug|Any CPU
		{C4081B8E-0A48-4602-8073-29D5FD8790B5}.Debug|Any CPU.Build.0 = Debug|Any CPU
		{C4081B8E-0A48-4602-8073-29D5FD8790B5}.Release|Any CPU.ActiveCfg = Release|Any CPU
		{C4081B8E-0A48-4602-8073-29D5FD8790B5}.Release|Any CPU.Build.0 = Release|Any CPU
		{BA32D395-50FA-48F0-B4F9-B82F83BD042E}.Debug|Any CPU.ActiveCfg = Debug|Any CPU
		{BA32D395-50FA-48F0-B4F9-B82F83BD042E}.Debug|Any CPU.Build.0 = Debug|Any CPU
		{BA32D395-50FA-48F0-B4F9-B82F83BD042E}.Release|Any CPU.ActiveCfg = Release|Any CPU
		{BA32D395-50FA-48F0-B4F9-B82F83BD042E}.Release|Any CPU.Build.0 = Release|Any CPU
		{C4BF803B-E058-4A10-A7F1-E2601EEAC332}.Debug|Any CPU.ActiveCfg = Debug|Any CPU
		{C4BF803B-E058-4A10-A7F1-E2601EEAC332}.Debug|Any CPU.Build.0 = Debug|Any CPU
		{C4BF803B-E058-4A10-A7F1-E2601EEAC332}.Release|Any CPU.ActiveCfg = Release|Any CPU
		{C4BF803B-E058-4A10-A7F1-E2601EEAC332}.Release|Any CPU.Build.0 = Release|Any CPU
		{957139D8-E5A5-4904-9D03-B895713D41BE}.Debug|Any CPU.ActiveCfg = Debug|Any CPU
		{957139D8-E5A5-4904-9D03-B895713D41BE}.Debug|Any CPU.Build.0 = Debug|Any CPU
		{957139D8-E5A5-4904-9D03-B895713D41BE}.Release|Any CPU.ActiveCfg = Release|Any CPU
		{957139D8-E5A5-4904-9D03-B895713D41BE}.Release|Any CPU.Build.0 = Release|Any CPU
		{A339CF55-A2FB-4B55-83D5-435727DB040A}.Debug|Any CPU.ActiveCfg = Debug|Any CPU
		{A339CF55-A2FB-4B55-83D5-435727DB040A}.Debug|Any CPU.Build.0 = Debug|Any CPU
		{A339CF55-A2FB-4B55-83D5-435727DB040A}.Release|Any CPU.ActiveCfg = Release|Any CPU
		{A339CF55-A2FB-4B55-83D5-435727DB040A}.Release|Any CPU.Build.0 = Release|Any CPU
		{686C097E-394E-40B0-896D-A0F20F7DFFCC}.Debug|Any CPU.ActiveCfg = Debug|Any CPU
		{686C097E-394E-40B0-896D-A0F20F7DFFCC}.Debug|Any CPU.Build.0 = Debug|Any CPU
		{686C097E-394E-40B0-896D-A0F20F7DFFCC}.Release|Any CPU.ActiveCfg = Release|Any CPU
		{686C097E-394E-40B0-896D-A0F20F7DFFCC}.Release|Any CPU.Build.0 = Release|Any CPU
		{2BB94D85-685A-441E-9DBF-BAC39B4CCA6E}.Debug|Any CPU.ActiveCfg = Debug|Any CPU
		{2BB94D85-685A-441E-9DBF-BAC39B4CCA6E}.Debug|Any CPU.Build.0 = Debug|Any CPU
		{2BB94D85-685A-441E-9DBF-BAC39B4CCA6E}.Release|Any CPU.ActiveCfg = Release|Any CPU
		{2BB94D85-685A-441E-9DBF-BAC39B4CCA6E}.Release|Any CPU.Build.0 = Release|Any CPU
		{11256711-FE09-4E71-9FA8-4446E7B81387}.Debug|Any CPU.ActiveCfg = Debug|Any CPU
		{11256711-FE09-4E71-9FA8-4446E7B81387}.Debug|Any CPU.Build.0 = Debug|Any CPU
		{11256711-FE09-4E71-9FA8-4446E7B81387}.Release|Any CPU.ActiveCfg = Release|Any CPU
		{11256711-FE09-4E71-9FA8-4446E7B81387}.Release|Any CPU.Build.0 = Release|Any CPU
		{84134775-54CE-4AD7-A1FA-73A3180C0DC8}.Debug|Any CPU.ActiveCfg = Debug|Any CPU
		{84134775-54CE-4AD7-A1FA-73A3180C0DC8}.Debug|Any CPU.Build.0 = Debug|Any CPU
		{84134775-54CE-4AD7-A1FA-73A3180C0DC8}.Release|Any CPU.ActiveCfg = Release|Any CPU
		{84134775-54CE-4AD7-A1FA-73A3180C0DC8}.Release|Any CPU.Build.0 = Release|Any CPU
		{E00E2960-AAE9-437D-9A0C-6EE156934267}.Debug|Any CPU.ActiveCfg = Debug|Any CPU
		{E00E2960-AAE9-437D-9A0C-6EE156934267}.Debug|Any CPU.Build.0 = Debug|Any CPU
		{E00E2960-AAE9-437D-9A0C-6EE156934267}.Release|Any CPU.ActiveCfg = Release|Any CPU
		{E00E2960-AAE9-437D-9A0C-6EE156934267}.Release|Any CPU.Build.0 = Release|Any CPU
		{7DF72931-246D-4B46-B94A-EB46CE119685}.Debug|Any CPU.ActiveCfg = Debug|Any CPU
		{7DF72931-246D-4B46-B94A-EB46CE119685}.Debug|Any CPU.Build.0 = Debug|Any CPU
		{7DF72931-246D-4B46-B94A-EB46CE119685}.Release|Any CPU.ActiveCfg = Release|Any CPU
		{7DF72931-246D-4B46-B94A-EB46CE119685}.Release|Any CPU.Build.0 = Release|Any CPU
		{452B3774-D4D0-48C7-909C-0487A9309E5D}.Debug|Any CPU.ActiveCfg = Debug|Any CPU
		{452B3774-D4D0-48C7-909C-0487A9309E5D}.Debug|Any CPU.Build.0 = Debug|Any CPU
		{452B3774-D4D0-48C7-909C-0487A9309E5D}.Release|Any CPU.ActiveCfg = Release|Any CPU
		{452B3774-D4D0-48C7-909C-0487A9309E5D}.Release|Any CPU.Build.0 = Release|Any CPU
		{7258E872-E636-49F5-B5FD-79E26246C148}.Debug|Any CPU.ActiveCfg = Debug|Any CPU
		{7258E872-E636-49F5-B5FD-79E26246C148}.Debug|Any CPU.Build.0 = Debug|Any CPU
		{7258E872-E636-49F5-B5FD-79E26246C148}.Release|Any CPU.ActiveCfg = Release|Any CPU
		{7258E872-E636-49F5-B5FD-79E26246C148}.Release|Any CPU.Build.0 = Release|Any CPU
		{216E884A-D6CF-44A6-BF02-4FF70DCBCCD0}.Debug|Any CPU.ActiveCfg = Debug|Any CPU
		{216E884A-D6CF-44A6-BF02-4FF70DCBCCD0}.Debug|Any CPU.Build.0 = Debug|Any CPU
		{216E884A-D6CF-44A6-BF02-4FF70DCBCCD0}.Release|Any CPU.ActiveCfg = Release|Any CPU
		{216E884A-D6CF-44A6-BF02-4FF70DCBCCD0}.Release|Any CPU.Build.0 = Release|Any CPU
		{3100E515-DC65-4309-9BCD-E8761BC35057}.Debug|Any CPU.ActiveCfg = Debug|Any CPU
		{3100E515-DC65-4309-9BCD-E8761BC35057}.Debug|Any CPU.Build.0 = Debug|Any CPU
		{3100E515-DC65-4309-9BCD-E8761BC35057}.Release|Any CPU.ActiveCfg = Release|Any CPU
		{3100E515-DC65-4309-9BCD-E8761BC35057}.Release|Any CPU.Build.0 = Release|Any CPU
		{31180E9D-3F25-4E90-BBB0-26B3AD22AA95}.Debug|Any CPU.ActiveCfg = Debug|Any CPU
		{31180E9D-3F25-4E90-BBB0-26B3AD22AA95}.Debug|Any CPU.Build.0 = Debug|Any CPU
		{31180E9D-3F25-4E90-BBB0-26B3AD22AA95}.Release|Any CPU.ActiveCfg = Release|Any CPU
		{31180E9D-3F25-4E90-BBB0-26B3AD22AA95}.Release|Any CPU.Build.0 = Release|Any CPU
		{CD6CCA7A-FE8B-491C-96BE-0A62C822976F}.Debug|Any CPU.ActiveCfg = Debug|Any CPU
		{CD6CCA7A-FE8B-491C-96BE-0A62C822976F}.Debug|Any CPU.Build.0 = Debug|Any CPU
		{CD6CCA7A-FE8B-491C-96BE-0A62C822976F}.Release|Any CPU.ActiveCfg = Release|Any CPU
		{CD6CCA7A-FE8B-491C-96BE-0A62C822976F}.Release|Any CPU.Build.0 = Release|Any CPU
		{472ADED8-5BF0-4269-AEB8-53C6452EEF58}.Debug|Any CPU.ActiveCfg = Debug|Any CPU
		{472ADED8-5BF0-4269-AEB8-53C6452EEF58}.Debug|Any CPU.Build.0 = Debug|Any CPU
		{472ADED8-5BF0-4269-AEB8-53C6452EEF58}.Release|Any CPU.ActiveCfg = Release|Any CPU
		{472ADED8-5BF0-4269-AEB8-53C6452EEF58}.Release|Any CPU.Build.0 = Release|Any CPU
	EndGlobalSection
	GlobalSection(SolutionProperties) = preSolution
		HideSolutionNode = FALSE
	EndGlobalSection
	GlobalSection(NestedProjects) = preSolution
		{E60D77BA-988C-43FC-919E-AEBFEB1E2A8A} = {D7A6781F-3CD1-4E79-B7D4-784E89701A02}
		{32895C85-6CC6-461C-88B9-4291CDE6021D} = {D7A6781F-3CD1-4E79-B7D4-784E89701A02}
		{572D79C0-0D54-4D94-BA9D-DEAF3006C8ED} = {E60D77BA-988C-43FC-919E-AEBFEB1E2A8A}
		{CC736663-7F56-409E-BA1E-BC3D1BEA2B05} = {E60D77BA-988C-43FC-919E-AEBFEB1E2A8A}
		{05AC7A30-857E-46A8-A321-4DCC17EA2AEA} = {E60D77BA-988C-43FC-919E-AEBFEB1E2A8A}
		{52305EB0-8B6D-4B1E-B53E-A74B7F7461AA} = {E60D77BA-988C-43FC-919E-AEBFEB1E2A8A}
		{4030B149-F000-45D0-9064-F607C2599820} = {32895C85-6CC6-461C-88B9-4291CDE6021D}
		{2C1778BD-D6A9-402B-80A2-7F213F2F32D6} = {0B0AC078-CCD1-4DBB-BC4E-69DD8DD664FB}
		{AF59D75C-51D9-4CE7-8569-87A0F74CC386} = {0B0AC078-CCD1-4DBB-BC4E-69DD8DD664FB}
		{CFA73840-E211-4939-8478-8B157D7D9919} = {2C1778BD-D6A9-402B-80A2-7F213F2F32D6}
		{AEC216C0-2F88-4745-9949-CE388F0D6CE1} = {2C1778BD-D6A9-402B-80A2-7F213F2F32D6}
		{3AE550BD-01C9-4293-A977-216A31122AAE} = {2C1778BD-D6A9-402B-80A2-7F213F2F32D6}
		{AE949A21-B616-49C5-A90E-FA23AD6A15C1} = {2C1778BD-D6A9-402B-80A2-7F213F2F32D6}
		{8C220333-D071-4315-8A9C-782F75BF6511} = {AF59D75C-51D9-4CE7-8569-87A0F74CC386}
		{DED18E80-3FB9-49D6-8E05-8E5502976FD1} = {235DA821-3DB9-487E-8BA7-42B904562342}
		{DBA81E07-303B-4E37-9ECD-DBCCFE8C232B} = {235DA821-3DB9-487E-8BA7-42B904562342}
		{6A112511-530D-4ACE-A405-2B4522051395} = {C21DC15B-C9BA-425D-9A2C-9B31E38EE32E}
		{4A31F19F-71E5-4CAD-84C3-DD8E8C943143} = {C21DC15B-C9BA-425D-9A2C-9B31E38EE32E}
		{15FA29F8-C23E-4BE2-99AE-B20E0F526DCF} = {DED18E80-3FB9-49D6-8E05-8E5502976FD1}
		{D22CE9AF-FD43-49C7-9AC4-E16256AF277D} = {DED18E80-3FB9-49D6-8E05-8E5502976FD1}
		{9DBABC08-2062-4CE8-B3DA-D7193EA12B87} = {DED18E80-3FB9-49D6-8E05-8E5502976FD1}
		{1D166302-2026-4195-B005-BF8CA4D28835} = {DED18E80-3FB9-49D6-8E05-8E5502976FD1}
		{B8181BB8-D4DC-44AE-ACFF-27353D3D7787} = {DBA81E07-303B-4E37-9ECD-DBCCFE8C232B}
		{CC05D9CE-7760-4563-A7F9-6619076CA400} = {6A112511-530D-4ACE-A405-2B4522051395}
		{2A5E7293-3E2E-4123-A12A-02D2A93BE3A7} = {6A112511-530D-4ACE-A405-2B4522051395}
		{E9B9B2CF-E42C-4E28-90A3-956C06CCE6D7} = {6A112511-530D-4ACE-A405-2B4522051395}
		{2D9BF5ED-D4B1-4662-9163-845754A908FD} = {6A112511-530D-4ACE-A405-2B4522051395}
		{7D664027-EF3F-4FC3-96B8-48CB55EC41E6} = {4A31F19F-71E5-4CAD-84C3-DD8E8C943143}
		{E210DDBA-A3DC-4AE6-B375-011F57807114} = {4356924E-3F25-4025-8AED-AB351D1DC032}
		{511C0428-959C-4148-B28D-AF65E6D3C052} = {E210DDBA-A3DC-4AE6-B375-011F57807114}
		{01F74FE7-150A-41C9-B8F3-B9D5914121CF} = {1CB6BC03-C3C4-41F7-9A89-F7DAD4121C33}
		{D63804CB-56C4-42DE-8E74-6D8C70A604A3} = {01F74FE7-150A-41C9-B8F3-B9D5914121CF}
		{C4081B8E-0A48-4602-8073-29D5FD8790B5} = {01F74FE7-150A-41C9-B8F3-B9D5914121CF}
		{BA32D395-50FA-48F0-B4F9-B82F83BD042E} = {32895C85-6CC6-461C-88B9-4291CDE6021D}
		{C4BF803B-E058-4A10-A7F1-E2601EEAC332} = {32895C85-6CC6-461C-88B9-4291CDE6021D}
		{957139D8-E5A5-4904-9D03-B895713D41BE} = {AF59D75C-51D9-4CE7-8569-87A0F74CC386}
		{A339CF55-A2FB-4B55-83D5-435727DB040A} = {AF59D75C-51D9-4CE7-8569-87A0F74CC386}
		{686C097E-394E-40B0-896D-A0F20F7DFFCC} = {DBA81E07-303B-4E37-9ECD-DBCCFE8C232B}
		{2BB94D85-685A-441E-9DBF-BAC39B4CCA6E} = {DBA81E07-303B-4E37-9ECD-DBCCFE8C232B}
		{11256711-FE09-4E71-9FA8-4446E7B81387} = {4A31F19F-71E5-4CAD-84C3-DD8E8C943143}
		{84134775-54CE-4AD7-A1FA-73A3180C0DC8} = {4A31F19F-71E5-4CAD-84C3-DD8E8C943143}
		{E00E2960-AAE9-437D-9A0C-6EE156934267} = {AF59D75C-51D9-4CE7-8569-87A0F74CC386}
		{7DF72931-246D-4B46-B94A-EB46CE119685} = {DBA81E07-303B-4E37-9ECD-DBCCFE8C232B}
		{452B3774-D4D0-48C7-909C-0487A9309E5D} = {32895C85-6CC6-461C-88B9-4291CDE6021D}
		{7258E872-E636-49F5-B5FD-79E26246C148} = {4A31F19F-71E5-4CAD-84C3-DD8E8C943143}
		{5C4890A5-BB86-44D1-BCF9-792B906F7DEF} = {D95C47B2-B56C-497A-B0C1-EEF96E3391FE}
		{C4481DDB-9081-40BA-887F-1988367E88A5} = {D95C47B2-B56C-497A-B0C1-EEF96E3391FE}
		{216E884A-D6CF-44A6-BF02-4FF70DCBCCD0} = {5C4890A5-BB86-44D1-BCF9-792B906F7DEF}
		{3100E515-DC65-4309-9BCD-E8761BC35057} = {5C4890A5-BB86-44D1-BCF9-792B906F7DEF}
		{31180E9D-3F25-4E90-BBB0-26B3AD22AA95} = {5C4890A5-BB86-44D1-BCF9-792B906F7DEF}
		{CD6CCA7A-FE8B-491C-96BE-0A62C822976F} = {5C4890A5-BB86-44D1-BCF9-792B906F7DEF}
		{472ADED8-5BF0-4269-AEB8-53C6452EEF58} = {C4481DDB-9081-40BA-887F-1988367E88A5}
	EndGlobalSection
	GlobalSection(ExtensibilityGlobals) = postSolution
		SolutionGuid = {30FFB666-5D1E-415D-8363-F77C72FCA839}
	EndGlobalSection
EndGlobal
